Microsoft Visual Studio Solution File, Format Version 11.00
# Visual Studio 2008

Project("{4CE1B77B-869B-7335-811B-4B8EC2ED4CB2}") = "symbolLabel", "Assembly-CSharp-vs.csproj", "{C26D14AB-1FAA-696D-7685-7820FBB23940}"
EndProject
Project("{4CE1B77B-869B-7335-811B-4B8EC2ED4CB2}") = "symbolLabel", "Assembly-CSharp-Editor-vs.csproj", "{1FCB34A2-3273-0E6D-B655-090F249732C7}"
EndProject
Global
	GlobalSection(SolutionConfigurationPlatforms) = preSolution
		Debug|Any CPU = Debug|Any CPU
		Release|Any CPU = Release|Any CPU
	EndGlobalSection
	GlobalSection(ProjectConfigurationPlatforms) = postSolution
		{C26D14AB-1FAA-696D-7685-7820FBB23940}.Debug|Any CPU.ActiveCfg = Debug|Any CPU
		{C26D14AB-1FAA-696D-7685-7820FBB23940}.Debug|Any CPU.Build.0 = Debug|Any CPU
		{C26D14AB-1FAA-696D-7685-7820FBB23940}.Release|Any CPU.ActiveCfg = Release|Any CPU
		{C26D14AB-1FAA-696D-7685-7820FBB23940}.Release|Any CPU.Build.0 = Release|Any CPU
		{1FCB34A2-3273-0E6D-B655-090F249732C7}.Debug|Any CPU.ActiveCfg = Debug|Any CPU
		{1FCB34A2-3273-0E6D-B655-090F249732C7}.Debug|Any CPU.Build.0 = Debug|Any CPU
		{1FCB34A2-3273-0E6D-B655-090F249732C7}.Release|Any CPU.ActiveCfg = Release|Any CPU
		{1FCB34A2-3273-0E6D-B655-090F249732C7}.Release|Any CPU.Build.0 = Release|Any CPU
	EndGlobalSection
	GlobalSection(SolutionProperties) = preSolution
		HideSolutionNode = FALSE
	EndGlobalSection
																																									GlobalSection(MonoDevelopProperties) = preSolution
		StartupItem = Assembly-CSharp.csproj
		Policies = $0
		$0.TextStylePolicy = $1
		$1.inheritsSet = null
		$1.scope = text/x-csharp
		$0.CSharpFormattingPolicy = $2
		$2.inheritsSet = Mono
		$2.inheritsScope = text/x-csharp
		$2.scope = text/x-csharp
		$0.TextStylePolicy = $3
		$3.FileWidth = 120
		$3.TabWidth = 4
		$3.EolMarker = Unix
		$3.inheritsSet = Mono
		$3.inheritsScope = text/plain
		$3.scope = text/plain
	EndGlobalSection

EndGlobal
