
Microsoft Visual Studio Solution File, Format Version 12.00
# Visual Studio 2012
Project("{FAE04EC0-301F-11D3-BF4B-00C04F79EFBC}") = "UnityVS.symbolLabel.CSharp", "UnityVS.symbolLabel.CSharp.csproj", "{28ACAEA8-3EA1-9312-019E-7032970FBA96}"
EndProject
Project("{FAE04EC0-301F-11D3-BF4B-00C04F79EFBC}") = "UnityVS.symbolLabel.CSharp.Editor", "UnityVS.symbolLabel.CSharp.Editor.csproj", "{3EF15968-CAEE-869F-FB85-68DB4D5A954A}"
EndProject
Global
	GlobalSection(SolutionConfigurationPlatforms) = preSolution
		Debug|Any CPU = Debug|Any CPU
		Release|Any CPU = Release|Any CPU
	EndGlobalSection
	GlobalSection(ProjectConfigurationPlatforms) = postSolution
		{28ACAEA8-3EA1-9312-019E-7032970FBA96}.Debug|Any CPU.ActiveCfg = Debug|Any CPU
		{28ACAEA8-3EA1-9312-019E-7032970FBA96}.Debug|Any CPU.Build.0 = Debug|Any CPU
		{28ACAEA8-3EA1-9312-019E-7032970FBA96}.Release|Any CPU.ActiveCfg = Release|Any CPU
		{28ACAEA8-3EA1-9312-019E-7032970FBA96}.Release|Any CPU.Build.0 = Release|Any CPU
		{3EF15968-CAEE-869F-FB85-68DB4D5A954A}.Debug|Any CPU.ActiveCfg = Debug|Any CPU
		{3EF15968-CAEE-869F-FB85-68DB4D5A954A}.Debug|Any CPU.Build.0 = Debug|Any CPU
		{3EF15968-CAEE-869F-FB85-68DB4D5A954A}.Release|Any CPU.ActiveCfg = Release|Any CPU
		{3EF15968-CAEE-869F-FB85-68DB4D5A954A}.Release|Any CPU.Build.0 = Release|Any CPU
	EndGlobalSection
	GlobalSection(SolutionProperties) = preSolution
		HideSolutionNode = FALSE
	EndGlobalSection
EndGlobal
